
Microsoft Visual Studio Solution File, Format Version 12.00
# Visual Studio Version 17
VisualStudioVersion = 17.14.36511.14
MinimumVisualStudioVersion = 10.0.40219.1
Project("{2150E333-8FDC-42A3-9474-1A3956D46DE8}") = "Task0", "Task0", "{02EA681E-C7D8-13C7-8484-4AC65E1B71E8}"
EndProject
Project("{FAE04EC0-301F-11D3-BF4B-00C04F79EFBC}") = "Tyuiu.LyapinSE.Sprint6.Task0.V23", "Tyuiu.LyapinSE.Sprint6.Task0.V23\Tyuiu.LyapinSE.Sprint6.Task0.V23.csproj", "{8374BEED-BC2F-4E8E-AEF8-2EA142C62A44}"
EndProject
Project("{FAE04EC0-301F-11D3-BF4B-00C04F79EFBC}") = "Tyuiu.LyapinSE.Sprint6.Task0.V23.Lib", "Tyuiu.LyapinSE.Sprint6.Task0.V23.Lib\Tyuiu.LyapinSE.Sprint6.Task0.V23.Lib.csproj", "{73A9C211-8A68-4B7B-9273-F8C1ED8EEE13}"
EndProject
Project("{FAE04EC0-301F-11D3-BF4B-00C04F79EFBC}") = "Tyuiu.LyapinSE.Sprint6.Task0.V23.Test", "Tyuiu.LyapinSE.Sprint6.Task0.V23.Test\Tyuiu.LyapinSE.Sprint6.Task0.V23.Test.csproj", "{8385BA27-E8D9-444E-B756-0D4BE4BAD753}"
EndProject
Project("{2150E333-8FDC-42A3-9474-1A3956D46DE8}") = "Task1", "Task1", "{938F3B9D-80A9-4693-A503-1CD52BAEF340}"
EndProject
Project("{FAE04EC0-301F-11D3-BF4B-00C04F79EFBC}") = "Tyuiu.LyapinSE.Sprint6.Task1.V25", "Tyuiu.LyapinSE.Sprint6.Task1.V25\Tyuiu.LyapinSE.Sprint6.Task1.V25.csproj", "{062826FD-67C2-46FC-A1DF-CE22313C8306}"
EndProject
Project("{FAE04EC0-301F-11D3-BF4B-00C04F79EFBC}") = "Tyuiu.LyapinSE.Sprint6.Task1.V25.Lib", "Tyuiu.LyapinSE.Sprint6.Task1.V25.Lib\Tyuiu.LyapinSE.Sprint6.Task1.V25.Lib.csproj", "{036FD97D-717E-4C2B-BA67-3A0AA3998137}"
EndProject
Project("{FAE04EC0-301F-11D3-BF4B-00C04F79EFBC}") = "Tyuiu.LyapinSE.Sprint6.Task1.V25.Test", "Tyuiu.LyapinSE.Sprint6.Task1.V25.Test\Tyuiu.LyapinSE.Sprint6.Task1.V25.Test.csproj", "{69ADE84E-E647-4694-812D-337806ACC92C}"
EndProject
Project("{2150E333-8FDC-42A3-9474-1A3956D46DE8}") = "Task2", "Task2", "{30F1074A-C176-42E0-83C9-447FD4D226EA}"
EndProject
Project("{FAE04EC0-301F-11D3-BF4B-00C04F79EFBC}") = "Tyuiu.LyapinSE.Sprint6.Task2.V11", "Tyuiu.LyapinSE.Sprint6.Task2.V11\Tyuiu.LyapinSE.Sprint6.Task2.V11.csproj", "{1A08D0DB-A0A7-45E6-88BC-9C59DDEC8BCE}"
EndProject
Project("{FAE04EC0-301F-11D3-BF4B-00C04F79EFBC}") = "Tyuiu.LyapinSE.Sprint6.Task2.V11.Lib", "Tyuiu.LyapinSE.Sprint6.Task2.V11.Lib\Tyuiu.LyapinSE.Sprint6.Task2.V11.Lib.csproj", "{444ED7AB-09E5-4C3E-8F66-8B86A170C9B0}"
EndProject
Project("{FAE04EC0-301F-11D3-BF4B-00C04F79EFBC}") = "Tyuiu.LyapinSE.Sprint6.Task2.V11.Test", "Tyuiu.LyapinSE.Sprint6.Task2.V11.Test\Tyuiu.LyapinSE.Sprint6.Task2.V11.Test.csproj", "{7BAC3735-7EFE-4CE9-BCAA-777ED572F7A0}"
EndProject
Project("{2150E333-8FDC-42A3-9474-1A3956D46DE8}") = "Task3", "Task3", "{B4F1C3AD-0106-499C-A420-00CC1BE9406C}"
EndProject
Project("{FAE04EC0-301F-11D3-BF4B-00C04F79EFBC}") = "Tyuiu.LyapinSE.Sprint6.Task3.V28", "Tyuiu.LyapinSE.Sprint6.Task3.V28\Tyuiu.LyapinSE.Sprint6.Task3.V28.csproj", "{6911F3C8-067A-41E0-8A43-C01E6471056E}"
EndProject
Project("{FAE04EC0-301F-11D3-BF4B-00C04F79EFBC}") = "Tyuiu.LyapinSE.Sprint6.Task3.V28.Lib", "Tyuiu.LyapinSE.Sprint6.Task3.V28.Lib\Tyuiu.LyapinSE.Sprint6.Task3.V28.Lib.csproj", "{177B8011-5C1B-4F4A-9D2A-08C75EBB0957}"
EndProject
Project("{FAE04EC0-301F-11D3-BF4B-00C04F79EFBC}") = "Tyuiu.LyapinSE.Sprint6.Task3.V28.Test", "Tyuiu.LyapinSE.Sprint6.Task3.V28.Test\Tyuiu.LyapinSE.Sprint6.Task3.V28.Test.csproj", "{E887DF63-89DC-41CA-B5E9-51AE567B3142}"
EndProject
Project("{2150E333-8FDC-42A3-9474-1A3956D46DE8}") = "Task4", "Task4", "{29CD119D-8E77-46AB-9F02-1F3EAD9BE37F}"
EndProject
Project("{FAE04EC0-301F-11D3-BF4B-00C04F79EFBC}") = "Tyuiu.LyapinSE.Sprint6.Task4.V7", "Tyuiu.LyapinSE.Sprint6.Task4.V7\Tyuiu.LyapinSE.Sprint6.Task4.V7.csproj", "{9226F799-AD3B-4E3F-B343-89A45352F805}"
EndProject
Project("{FAE04EC0-301F-11D3-BF4B-00C04F79EFBC}") = "Tyuiu.LyapinSE.Sprint6.Task4.V7.Test", "Tyuiu.LyapinSE.Sprint6.Task4.V7.Test\Tyuiu.LyapinSE.Sprint6.Task4.V7.Test.csproj", "{52C297E2-CFDE-4D16-80E4-A4145170D64E}"
EndProject
Project("{FAE04EC0-301F-11D3-BF4B-00C04F79EFBC}") = "Tyuiu.LyapinSE.Sprint6.Task4.V7.Lib", "Tyuiu.LyapinSE.Sprint6.Task4.V7.Lib\Tyuiu.LyapinSE.Sprint6.Task4.V7.Lib.csproj", "{82DDD057-A88D-4701-B68A-4FC4CB66D036}"
EndProject
Project("{2150E333-8FDC-42A3-9474-1A3956D46DE8}") = "Task5", "Task5", "{AFF941E5-36A4-4ABD-81C3-5F4FBB125809}"
EndProject
Project("{FAE04EC0-301F-11D3-BF4B-00C04F79EFBC}") = "Tyuiu.LyapinSE.Sprint6.Task5.V2", "Tyuiu.LyapinSE.Sprint6.Task5.V2\Tyuiu.LyapinSE.Sprint6.Task5.V2.csproj", "{E5F0F222-538E-4348-8350-B7D79A014F5E}"
EndProject
Project("{FAE04EC0-301F-11D3-BF4B-00C04F79EFBC}") = "Tyuiu.LyapinSE.Sprint6.Task5.V2.Lib", "Tyuiu.LyapinSE.Sprint6.Task5.V2.Lib\Tyuiu.LyapinSE.Sprint6.Task5.V2.Lib.csproj", "{4BDA8B0B-25E3-4CD8-9AD7-125825F57EA2}"
EndProject
Project("{FAE04EC0-301F-11D3-BF4B-00C04F79EFBC}") = "Tyuiu.LyapinSE.Sprint6.Task5.V2.Test", "Tyuiu.LyapinSE.Sprint6.Task5.V2.Test\Tyuiu.LyapinSE.Sprint6.Task5.V2.Test.csproj", "{8EDA7923-F4A7-459E-927B-527BC426AD81}"
EndProject
Project("{2150E333-8FDC-42A3-9474-1A3956D46DE8}") = "Task6", "Task6", "{400C22D2-624B-42FB-8609-D6847A534B89}"
EndProject
Project("{FAE04EC0-301F-11D3-BF4B-00C04F79EFBC}") = "Tyuiu.LyapinSE.Sprint6.Task6.V14.Test", "Tyuiu.LyapinSE.Sprint6.Task6.V14.Test\Tyuiu.LyapinSE.Sprint6.Task6.V14.Test.csproj", "{3E24C276-2050-49D8-B059-452A464DC738}"
EndProject
Project("{FAE04EC0-301F-11D3-BF4B-00C04F79EFBC}") = "Tyuiu.LyapinSE.Sprint6.Task6.V14.Lib", "Tyuiu.LyapinSE.Sprint6.Task6.V14.Lib\Tyuiu.LyapinSE.Sprint6.Task6.V14.Lib.csproj", "{66F9C378-E64F-4DC3-9D76-71E01193F356}"
EndProject
Project("{FAE04EC0-301F-11D3-BF4B-00C04F79EFBC}") = "Tyuiu.LyapinSE.Sprint6.Task6.V14", "Tyuiu.LyapinSE.Sprint6.Task6.V14\Tyuiu.LyapinSE.Sprint6.Task6.V14.csproj", "{67236EFA-9357-4E5F-818E-89C919185988}"
EndProject
Global
	GlobalSection(SolutionConfigurationPlatforms) = preSolution
		Debug|Any CPU = Debug|Any CPU
		Release|Any CPU = Release|Any CPU
	EndGlobalSection
	GlobalSection(ProjectConfigurationPlatforms) = postSolution
		{8374BEED-BC2F-4E8E-AEF8-2EA142C62A44}.Debug|Any CPU.ActiveCfg = Debug|Any CPU
		{8374BEED-BC2F-4E8E-AEF8-2EA142C62A44}.Debug|Any CPU.Build.0 = Debug|Any CPU
		{8374BEED-BC2F-4E8E-AEF8-2EA142C62A44}.Release|Any CPU.ActiveCfg = Release|Any CPU
		{8374BEED-BC2F-4E8E-AEF8-2EA142C62A44}.Release|Any CPU.Build.0 = Release|Any CPU
		{73A9C211-8A68-4B7B-9273-F8C1ED8EEE13}.Debug|Any CPU.ActiveCfg = Debug|Any CPU
		{73A9C211-8A68-4B7B-9273-F8C1ED8EEE13}.Debug|Any CPU.Build.0 = Debug|Any CPU
		{73A9C211-8A68-4B7B-9273-F8C1ED8EEE13}.Release|Any CPU.ActiveCfg = Release|Any CPU
		{73A9C211-8A68-4B7B-9273-F8C1ED8EEE13}.Release|Any CPU.Build.0 = Release|Any CPU
		{8385BA27-E8D9-444E-B756-0D4BE4BAD753}.Debug|Any CPU.ActiveCfg = Debug|Any CPU
		{8385BA27-E8D9-444E-B756-0D4BE4BAD753}.Debug|Any CPU.Build.0 = Debug|Any CPU
		{8385BA27-E8D9-444E-B756-0D4BE4BAD753}.Release|Any CPU.ActiveCfg = Release|Any CPU
		{8385BA27-E8D9-444E-B756-0D4BE4BAD753}.Release|Any CPU.Build.0 = Release|Any CPU
		{062826FD-67C2-46FC-A1DF-CE22313C8306}.Debug|Any CPU.ActiveCfg = Debug|Any CPU
		{062826FD-67C2-46FC-A1DF-CE22313C8306}.Debug|Any CPU.Build.0 = Debug|Any CPU
		{062826FD-67C2-46FC-A1DF-CE22313C8306}.Release|Any CPU.ActiveCfg = Release|Any CPU
		{062826FD-67C2-46FC-A1DF-CE22313C8306}.Release|Any CPU.Build.0 = Release|Any CPU
		{036FD97D-717E-4C2B-BA67-3A0AA3998137}.Debug|Any CPU.ActiveCfg = Debug|Any CPU
		{036FD97D-717E-4C2B-BA67-3A0AA3998137}.Debug|Any CPU.Build.0 = Debug|Any CPU
		{036FD97D-717E-4C2B-BA67-3A0AA3998137}.Release|Any CPU.ActiveCfg = Release|Any CPU
		{036FD97D-717E-4C2B-BA67-3A0AA3998137}.Release|Any CPU.Build.0 = Release|Any CPU
		{69ADE84E-E647-4694-812D-337806ACC92C}.Debug|Any CPU.ActiveCfg = Debug|Any CPU
		{69ADE84E-E647-4694-812D-337806ACC92C}.Debug|Any CPU.Build.0 = Debug|Any CPU
		{69ADE84E-E647-4694-812D-337806ACC92C}.Release|Any CPU.ActiveCfg = Release|Any CPU
		{69ADE84E-E647-4694-812D-337806ACC92C}.Release|Any CPU.Build.0 = Release|Any CPU
		{1A08D0DB-A0A7-45E6-88BC-9C59DDEC8BCE}.Debug|Any CPU.ActiveCfg = Debug|Any CPU
		{1A08D0DB-A0A7-45E6-88BC-9C59DDEC8BCE}.Debug|Any CPU.Build.0 = Debug|Any CPU
		{1A08D0DB-A0A7-45E6-88BC-9C59DDEC8BCE}.Release|Any CPU.ActiveCfg = Release|Any CPU
		{1A08D0DB-A0A7-45E6-88BC-9C59DDEC8BCE}.Release|Any CPU.Build.0 = Release|Any CPU
		{444ED7AB-09E5-4C3E-8F66-8B86A170C9B0}.Debug|Any CPU.ActiveCfg = Debug|Any CPU
		{444ED7AB-09E5-4C3E-8F66-8B86A170C9B0}.Debug|Any CPU.Build.0 = Debug|Any CPU
		{444ED7AB-09E5-4C3E-8F66-8B86A170C9B0}.Release|Any CPU.ActiveCfg = Release|Any CPU
		{444ED7AB-09E5-4C3E-8F66-8B86A170C9B0}.Release|Any CPU.Build.0 = Release|Any CPU
		{7BAC3735-7EFE-4CE9-BCAA-777ED572F7A0}.Debug|Any CPU.ActiveCfg = Debug|Any CPU
		{7BAC3735-7EFE-4CE9-BCAA-777ED572F7A0}.Debug|Any CPU.Build.0 = Debug|Any CPU
		{7BAC3735-7EFE-4CE9-BCAA-777ED572F7A0}.Release|Any CPU.ActiveCfg = Release|Any CPU
		{7BAC3735-7EFE-4CE9-BCAA-777ED572F7A0}.Release|Any CPU.Build.0 = Release|Any CPU
		{6911F3C8-067A-41E0-8A43-C01E6471056E}.Debug|Any CPU.ActiveCfg = Debug|Any CPU
		{6911F3C8-067A-41E0-8A43-C01E6471056E}.Debug|Any CPU.Build.0 = Debug|Any CPU
		{6911F3C8-067A-41E0-8A43-C01E6471056E}.Release|Any CPU.ActiveCfg = Release|Any CPU
		{6911F3C8-067A-41E0-8A43-C01E6471056E}.Release|Any CPU.Build.0 = Release|Any CPU
		{177B8011-5C1B-4F4A-9D2A-08C75EBB0957}.Debug|Any CPU.ActiveCfg = Debug|Any CPU
		{177B8011-5C1B-4F4A-9D2A-08C75EBB0957}.Debug|Any CPU.Build.0 = Debug|Any CPU
		{177B8011-5C1B-4F4A-9D2A-08C75EBB0957}.Release|Any CPU.ActiveCfg = Release|Any CPU
		{177B8011-5C1B-4F4A-9D2A-08C75EBB0957}.Release|Any CPU.Build.0 = Release|Any CPU
		{E887DF63-89DC-41CA-B5E9-51AE567B3142}.Debug|Any CPU.ActiveCfg = Debug|Any CPU
		{E887DF63-89DC-41CA-B5E9-51AE567B3142}.Debug|Any CPU.Build.0 = Debug|Any CPU
		{E887DF63-89DC-41CA-B5E9-51AE567B3142}.Release|Any CPU.ActiveCfg = Release|Any CPU
		{E887DF63-89DC-41CA-B5E9-51AE567B3142}.Release|Any CPU.Build.0 = Release|Any CPU
		{9226F799-AD3B-4E3F-B343-89A45352F805}.Debug|Any CPU.ActiveCfg = Debug|Any CPU
		{9226F799-AD3B-4E3F-B343-89A45352F805}.Debug|Any CPU.Build.0 = Debug|Any CPU
		{9226F799-AD3B-4E3F-B343-89A45352F805}.Release|Any CPU.ActiveCfg = Release|Any CPU
		{9226F799-AD3B-4E3F-B343-89A45352F805}.Release|Any CPU.Build.0 = Release|Any CPU
		{52C297E2-CFDE-4D16-80E4-A4145170D64E}.Debug|Any CPU.ActiveCfg = Debug|Any CPU
		{52C297E2-CFDE-4D16-80E4-A4145170D64E}.Debug|Any CPU.Build.0 = Debug|Any CPU
		{52C297E2-CFDE-4D16-80E4-A4145170D64E}.Release|Any CPU.ActiveCfg = Release|Any CPU
		{52C297E2-CFDE-4D16-80E4-A4145170D64E}.Release|Any CPU.Build.0 = Release|Any CPU
		{82DDD057-A88D-4701-B68A-4FC4CB66D036}.Debug|Any CPU.ActiveCfg = Debug|Any CPU
		{82DDD057-A88D-4701-B68A-4FC4CB66D036}.Debug|Any CPU.Build.0 = Debug|Any CPU
		{82DDD057-A88D-4701-B68A-4FC4CB66D036}.Release|Any CPU.ActiveCfg = Release|Any CPU
		{82DDD057-A88D-4701-B68A-4FC4CB66D036}.Release|Any CPU.Build.0 = Release|Any CPU
		{E5F0F222-538E-4348-8350-B7D79A014F5E}.Debug|Any CPU.ActiveCfg = Debug|Any CPU
		{E5F0F222-538E-4348-8350-B7D79A014F5E}.Debug|Any CPU.Build.0 = Debug|Any CPU
		{E5F0F222-538E-4348-8350-B7D79A014F5E}.Release|Any CPU.ActiveCfg = Release|Any CPU
		{E5F0F222-538E-4348-8350-B7D79A014F5E}.Release|Any CPU.Build.0 = Release|Any CPU
		{4BDA8B0B-25E3-4CD8-9AD7-125825F57EA2}.Debug|Any CPU.ActiveCfg = Debug|Any CPU
		{4BDA8B0B-25E3-4CD8-9AD7-125825F57EA2}.Debug|Any CPU.Build.0 = Debug|Any CPU
		{4BDA8B0B-25E3-4CD8-9AD7-125825F57EA2}.Release|Any CPU.ActiveCfg = Release|Any CPU
		{4BDA8B0B-25E3-4CD8-9AD7-125825F57EA2}.Release|Any CPU.Build.0 = Release|Any CPU
		{8EDA7923-F4A7-459E-927B-527BC426AD81}.Debug|Any CPU.ActiveCfg = Debug|Any CPU
		{8EDA7923-F4A7-459E-927B-527BC426AD81}.Debug|Any CPU.Build.0 = Debug|Any CPU
		{8EDA7923-F4A7-459E-927B-527BC426AD81}.Release|Any CPU.ActiveCfg = Release|Any CPU
		{8EDA7923-F4A7-459E-927B-527BC426AD81}.Release|Any CPU.Build.0 = Release|Any CPU
		{3E24C276-2050-49D8-B059-452A464DC738}.Debug|Any CPU.ActiveCfg = Debug|Any CPU
		{3E24C276-2050-49D8-B059-452A464DC738}.Debug|Any CPU.Build.0 = Debug|Any CPU
		{3E24C276-2050-49D8-B059-452A464DC738}.Release|Any CPU.ActiveCfg = Release|Any CPU
		{3E24C276-2050-49D8-B059-452A464DC738}.Release|Any CPU.Build.0 = Release|Any CPU
		{66F9C378-E64F-4DC3-9D76-71E01193F356}.Debug|Any CPU.ActiveCfg = Debug|Any CPU
		{66F9C378-E64F-4DC3-9D76-71E01193F356}.Debug|Any CPU.Build.0 = Debug|Any CPU
		{66F9C378-E64F-4DC3-9D76-71E01193F356}.Release|Any CPU.ActiveCfg = Release|Any CPU
		{66F9C378-E64F-4DC3-9D76-71E01193F356}.Release|Any CPU.Build.0 = Release|Any CPU
		{67236EFA-9357-4E5F-818E-89C919185988}.Debug|Any CPU.ActiveCfg = Debug|Any CPU
		{67236EFA-9357-4E5F-818E-89C919185988}.Debug|Any CPU.Build.0 = Debug|Any CPU
		{67236EFA-9357-4E5F-818E-89C919185988}.Release|Any CPU.ActiveCfg = Release|Any CPU
		{67236EFA-9357-4E5F-818E-89C919185988}.Release|Any CPU.Build.0 = Release|Any CPU
	EndGlobalSection
	GlobalSection(SolutionProperties) = preSolution
		HideSolutionNode = FALSE
	EndGlobalSection
	GlobalSection(NestedProjects) = preSolution
		{8374BEED-BC2F-4E8E-AEF8-2EA142C62A44} = {02EA681E-C7D8-13C7-8484-4AC65E1B71E8}
		{73A9C211-8A68-4B7B-9273-F8C1ED8EEE13} = {02EA681E-C7D8-13C7-8484-4AC65E1B71E8}
		{8385BA27-E8D9-444E-B756-0D4BE4BAD753} = {02EA681E-C7D8-13C7-8484-4AC65E1B71E8}
		{062826FD-67C2-46FC-A1DF-CE22313C8306} = {938F3B9D-80A9-4693-A503-1CD52BAEF340}
		{036FD97D-717E-4C2B-BA67-3A0AA3998137} = {938F3B9D-80A9-4693-A503-1CD52BAEF340}
		{69ADE84E-E647-4694-812D-337806ACC92C} = {938F3B9D-80A9-4693-A503-1CD52BAEF340}
		{1A08D0DB-A0A7-45E6-88BC-9C59DDEC8BCE} = {30F1074A-C176-42E0-83C9-447FD4D226EA}
		{444ED7AB-09E5-4C3E-8F66-8B86A170C9B0} = {30F1074A-C176-42E0-83C9-447FD4D226EA}
		{7BAC3735-7EFE-4CE9-BCAA-777ED572F7A0} = {30F1074A-C176-42E0-83C9-447FD4D226EA}
		{6911F3C8-067A-41E0-8A43-C01E6471056E} = {B4F1C3AD-0106-499C-A420-00CC1BE9406C}
		{177B8011-5C1B-4F4A-9D2A-08C75EBB0957} = {B4F1C3AD-0106-499C-A420-00CC1BE9406C}
		{E887DF63-89DC-41CA-B5E9-51AE567B3142} = {B4F1C3AD-0106-499C-A420-00CC1BE9406C}
		{9226F799-AD3B-4E3F-B343-89A45352F805} = {29CD119D-8E77-46AB-9F02-1F3EAD9BE37F}
		{52C297E2-CFDE-4D16-80E4-A4145170D64E} = {29CD119D-8E77-46AB-9F02-1F3EAD9BE37F}
		{82DDD057-A88D-4701-B68A-4FC4CB66D036} = {29CD119D-8E77-46AB-9F02-1F3EAD9BE37F}
		{E5F0F222-538E-4348-8350-B7D79A014F5E} = {AFF941E5-36A4-4ABD-81C3-5F4FBB125809}
		{4BDA8B0B-25E3-4CD8-9AD7-125825F57EA2} = {AFF941E5-36A4-4ABD-81C3-5F4FBB125809}
		{8EDA7923-F4A7-459E-927B-527BC426AD81} = {AFF941E5-36A4-4ABD-81C3-5F4FBB125809}
		{3E24C276-2050-49D8-B059-452A464DC738} = {400C22D2-624B-42FB-8609-D6847A534B89}
		{66F9C378-E64F-4DC3-9D76-71E01193F356} = {400C22D2-624B-42FB-8609-D6847A534B89}
		{67236EFA-9357-4E5F-818E-89C919185988} = {400C22D2-624B-42FB-8609-D6847A534B89}
	EndGlobalSection
	GlobalSection(ExtensibilityGlobals) = postSolution
		SolutionGuid = {44188726-AE98-4B70-A265-2ABD0F9B8974}
	EndGlobalSection
EndGlobal
