
Microsoft Visual Studio Solution File, Format Version 12.00
# Visual Studio Version 17
VisualStudioVersion = 17.14.36511.14
MinimumVisualStudioVersion = 10.0.40219.1
Project("{2150E333-8FDC-42A3-9474-1A3956D46DE8}") = "Task0", "Task0", "{02EA681E-C7D8-13C7-8484-4AC65E1B71E8}"
EndProject
Project("{FAE04EC0-301F-11D3-BF4B-00C04F79EFBC}") = "Tyuiu.LyapinSE.Sprint6.Task0.V23", "Tyuiu.LyapinSE.Sprint6.Task0.V23\Tyuiu.LyapinSE.Sprint6.Task0.V23.csproj", "{8374BEED-BC2F-4E8E-AEF8-2EA142C62A44}"
EndProject
Project("{FAE04EC0-301F-11D3-BF4B-00C04F79EFBC}") = "Tyuiu.LyapinSE.Sprint6.Task0.V23.Lib", "Tyuiu.LyapinSE.Sprint6.Task0.V23.Lib\Tyuiu.LyapinSE.Sprint6.Task0.V23.Lib.csproj", "{73A9C211-8A68-4B7B-9273-F8C1ED8EEE13}"
EndProject
Project("{FAE04EC0-301F-11D3-BF4B-00C04F79EFBC}") = "Tyuiu.LyapinSE.Sprint6.Task0.V23.Test", "Tyuiu.LyapinSE.Sprint6.Task0.V23.Test\Tyuiu.LyapinSE.Sprint6.Task0.V23.Test.csproj", "{8385BA27-E8D9-444E-B756-0D4BE4BAD753}"
EndProject
Project("{2150E333-8FDC-42A3-9474-1A3956D46DE8}") = "Task1", "Task1", "{938F3B9D-80A9-4693-A503-1CD52BAEF340}"
EndProject
Project("{FAE04EC0-301F-11D3-BF4B-00C04F79EFBC}") = "Tyuiu.LyapinSE.Sprint6.Task1.V25", "Tyuiu.LyapinSE.Sprint6.Task1.V25\Tyuiu.LyapinSE.Sprint6.Task1.V25.csproj", "{062826FD-67C2-46FC-A1DF-CE22313C8306}"
EndProject
Project("{FAE04EC0-301F-11D3-BF4B-00C04F79EFBC}") = "Tyuiu.LyapinSE.Sprint6.Task1.V25.Lib", "Tyuiu.LyapinSE.Sprint6.Task1.V25.Lib\Tyuiu.LyapinSE.Sprint6.Task1.V25.Lib.csproj", "{036FD97D-717E-4C2B-BA67-3A0AA3998137}"
EndProject
Project("{FAE04EC0-301F-11D3-BF4B-00C04F79EFBC}") = "Tyuiu.LyapinSE.Sprint6.Task1.V25.Test", "Tyuiu.LyapinSE.Sprint6.Task1.V25.Test\Tyuiu.LyapinSE.Sprint6.Task1.V25.Test.csproj", "{69ADE84E-E647-4694-812D-337806ACC92C}"
EndProject
Global
	GlobalSection(SolutionConfigurationPlatforms) = preSolution
		Debug|Any CPU = Debug|Any CPU
		Release|Any CPU = Release|Any CPU
	EndGlobalSection
	GlobalSection(ProjectConfigurationPlatforms) = postSolution
		{8374BEED-BC2F-4E8E-AEF8-2EA142C62A44}.Debug|Any CPU.ActiveCfg = Debug|Any CPU
		{8374BEED-BC2F-4E8E-AEF8-2EA142C62A44}.Debug|Any CPU.Build.0 = Debug|Any CPU
		{8374BEED-BC2F-4E8E-AEF8-2EA142C62A44}.Release|Any CPU.ActiveCfg = Release|Any CPU
		{8374BEED-BC2F-4E8E-AEF8-2EA142C62A44}.Release|Any CPU.Build.0 = Release|Any CPU
		{73A9C211-8A68-4B7B-9273-F8C1ED8EEE13}.Debug|Any CPU.ActiveCfg = Debug|Any CPU
		{73A9C211-8A68-4B7B-9273-F8C1ED8EEE13}.Debug|Any CPU.Build.0 = Debug|Any CPU
		{73A9C211-8A68-4B7B-9273-F8C1ED8EEE13}.Release|Any CPU.ActiveCfg = Release|Any CPU
		{73A9C211-8A68-4B7B-9273-F8C1ED8EEE13}.Release|Any CPU.Build.0 = Release|Any CPU
		{8385BA27-E8D9-444E-B756-0D4BE4BAD753}.Debug|Any CPU.ActiveCfg = Debug|Any CPU
		{8385BA27-E8D9-444E-B756-0D4BE4BAD753}.Debug|Any CPU.Build.0 = Debug|Any CPU
		{8385BA27-E8D9-444E-B756-0D4BE4BAD753}.Release|Any CPU.ActiveCfg = Release|Any CPU
		{8385BA27-E8D9-444E-B756-0D4BE4BAD753}.Release|Any CPU.Build.0 = Release|Any CPU
		{062826FD-67C2-46FC-A1DF-CE22313C8306}.Debug|Any CPU.ActiveCfg = Debug|Any CPU
		{062826FD-67C2-46FC-A1DF-CE22313C8306}.Debug|Any CPU.Build.0 = Debug|Any CPU
		{062826FD-67C2-46FC-A1DF-CE22313C8306}.Release|Any CPU.ActiveCfg = Release|Any CPU
		{062826FD-67C2-46FC-A1DF-CE22313C8306}.Release|Any CPU.Build.0 = Release|Any CPU
		{036FD97D-717E-4C2B-BA67-3A0AA3998137}.Debug|Any CPU.ActiveCfg = Debug|Any CPU
		{036FD97D-717E-4C2B-BA67-3A0AA3998137}.Debug|Any CPU.Build.0 = Debug|Any CPU
		{036FD97D-717E-4C2B-BA67-3A0AA3998137}.Release|Any CPU.ActiveCfg = Release|Any CPU
		{036FD97D-717E-4C2B-BA67-3A0AA3998137}.Release|Any CPU.Build.0 = Release|Any CPU
		{69ADE84E-E647-4694-812D-337806ACC92C}.Debug|Any CPU.ActiveCfg = Debug|Any CPU
		{69ADE84E-E647-4694-812D-337806ACC92C}.Debug|Any CPU.Build.0 = Debug|Any CPU
		{69ADE84E-E647-4694-812D-337806ACC92C}.Release|Any CPU.ActiveCfg = Release|Any CPU
		{69ADE84E-E647-4694-812D-337806ACC92C}.Release|Any CPU.Build.0 = Release|Any CPU
	EndGlobalSection
	GlobalSection(SolutionProperties) = preSolution
		HideSolutionNode = FALSE
	EndGlobalSection
	GlobalSection(NestedProjects) = preSolution
		{8374BEED-BC2F-4E8E-AEF8-2EA142C62A44} = {02EA681E-C7D8-13C7-8484-4AC65E1B71E8}
		{73A9C211-8A68-4B7B-9273-F8C1ED8EEE13} = {02EA681E-C7D8-13C7-8484-4AC65E1B71E8}
		{8385BA27-E8D9-444E-B756-0D4BE4BAD753} = {02EA681E-C7D8-13C7-8484-4AC65E1B71E8}
		{062826FD-67C2-46FC-A1DF-CE22313C8306} = {938F3B9D-80A9-4693-A503-1CD52BAEF340}
		{036FD97D-717E-4C2B-BA67-3A0AA3998137} = {938F3B9D-80A9-4693-A503-1CD52BAEF340}
		{69ADE84E-E647-4694-812D-337806ACC92C} = {938F3B9D-80A9-4693-A503-1CD52BAEF340}
	EndGlobalSection
	GlobalSection(ExtensibilityGlobals) = postSolution
		SolutionGuid = {44188726-AE98-4B70-A265-2ABD0F9B8974}
	EndGlobalSection
EndGlobal
